lockfileVersion: '9.0'

settings:
  autoInstallPeers: true
  excludeLinksFromLockfile: false

importers:

  .:
    dependencies:
      '@packages/utils':
        specifier: workspace:*
        version: link:../utils
      '@sentry/react':
        specifier: ^10.52.0
        version: 10.52.0(react@18.3.1)
      react:
        specifier: ^18.3.1
        version: 18.3.1

packages:

  '@sentry-internal/browser-utils@10.52.0':
    resolution: {integrity: sha512-x/yEPZdpH6NGQeoeQnV9tj8reAH8twNttiltGZl2o8Rk7sQeUfe7E8yuYP2XbJ2RqyZK5qRS3COrNyMPzf6KFA==}
    engines: {node: '>=18'}

  '@sentry-internal/feedback@10.52.0':
    resolution: {integrity: sha512-5kAn1W8ZvCuHtEHXpq6iRkUMdNCilwww+YxaN2yofVrCivAbB3Ha5JJUMqmWOPW0pC27zGYmoJMIDvG+PczUxA==}
    engines: {node: '>=18'}

  '@sentry-internal/replay-canvas@10.52.0':
    resolution: {integrity: sha512-BI5ie4dxPuUJ344CXVSnAxY1xZCbghglPSCIlTOYODpR9so9yo5IZh+Mwspt0oWsUMaxWJiQSNYlbPWi7WDavg==}
    engines: {node: '>=18'}

  '@sentry-internal/replay@10.52.0':
    resolution: {integrity: sha512-diywyuc/H7VTUR+W5ryVmLF+0X4UP1OskMqb6V8RSAvJHcj2JmIm7uP+Fc6ACTno+b6AUShwT/L4xVXzO6X9Cw==}
    engines: {node: '>=18'}

  '@sentry/browser@10.52.0':
    resolution: {integrity: sha512-ijL9jN86oXwXQWbwhPlEb70ODJSEmjxQEQdnZkC4gDWbjswcwvRsVJPYk+1xl2ir2iZixRIHipVxDcLwian35g==}
    engines: {node: '>=18'}

  '@sentry/core@10.52.0':
    resolution: {integrity: sha512-VA/kAqLhkMnRWY2RXdBLyTemR9D4m7MVRy/gyapoq9yvllVPx9WXbvKgnMP2LQp7mFgT/oLFvw58aQKaYTGn3A==}
    engines: {node: '>=18'}

  '@sentry/react@10.52.0':
    resolution: {integrity: sha512-2m72QCsja2cJJHD0ALxRnVt0qMEC2FV4LSi6AAiEdEG4lTb6mgcxavx5pJrW90jE+6dMGPbUz4q8c9vi4jh1qQ==}
    engines: {node: '>=18'}
    peerDependencies:
      react: ^16.14.0 || 17.x || 18.x || 19.x

  js-tokens@4.0.0:
    resolution: {integrity: sha512-RdJUflcE3cUzKiMqQgsCu06FPu9UdIJO0beYbPhHN4k6apgJtifcoCtT9bcxOpYBtpD2kCM6Sbzg4CausW/PKQ==}

  loose-envify@1.4.0:
    resolution: {integrity: sha512-lyuxPGr/Wfhrlem2CL/UcnUc1zcqKAImBDzukY7Y5F/yQiNdko6+fRLevlw1HgMySw7f611UIY408EtxRSoK3Q==}
    hasBin: true

  react@18.3.1:
    resolution: {integrity: sha512-wS+hAgJShR0KhEvPJArfuPVN1+Hz1t0Y6n5jLrGQbkb4urgPE/0Rve+1kMB1v/oWgHgm4WIcV+i7F2pTVj+2iQ==}
    engines: {node: '>=0.10.0'}

snapshots:

  '@sentry-internal/browser-utils@10.52.0':
    dependencies:
      '@sentry/core': 10.52.0

  '@sentry-internal/feedback@10.52.0':
    dependencies:
      '@sentry/core': 10.52.0

  '@sentry-internal/replay-canvas@10.52.0':
    dependencies:
      '@sentry-internal/replay': 10.52.0
      '@sentry/core': 10.52.0

  '@sentry-internal/replay@10.52.0':
    dependencies:
      '@sentry-internal/browser-utils': 10.52.0
      '@sentry/core': 10.52.0

  '@sentry/browser@10.52.0':
    dependencies:
      '@sentry-internal/browser-utils': 10.52.0
      '@sentry-internal/feedback': 10.52.0
      '@sentry-internal/replay': 10.52.0
      '@sentry-internal/replay-canvas': 10.52.0
      '@sentry/core': 10.52.0

  '@sentry/core@10.52.0': {}

  '@sentry/react@10.52.0(react@18.3.1)':
    dependencies:
      '@sentry/browser': 10.52.0
      '@sentry/core': 10.52.0
      react: 18.3.1

  js-tokens@4.0.0: {}

  loose-envify@1.4.0:
    dependencies:
      js-tokens: 4.0.0

  react@18.3.1:
    dependencies:
      loose-envify: 1.4.0
